// !$*UTF8*$!
{
	archiveVersion = 1;
	classes = {
	};
	objectVersion = 48;
	objects = {

/* Begin PBXBuildFile section */
		6CF55C7E1EF3B06E005165FD /* AppDelegate.m in Sources */ = {isa = PBXBuildFile; fileRef = 6CF55C7D1EF3B06E005165FD /* AppDelegate.m */; };
		6CF55C811EF3B06E005165FD /* ViewController.m in Sources */ = {isa = PBXBuildFile; fileRef = 6CF55C801EF3B06E005165FD /* ViewController.m */; };
		6CF55C841EF3B06E005165FD /* Main.storyboard in Resources */ = {isa = PBXBuildFile; fileRef = 6CF55C821EF3B06E005165FD /* Main.storyboard */; };
		6CF55C861EF3B06E005165FD /* Assets.xcassets in Resources */ = {isa = PBXBuildFile; fileRef = 6CF55C851EF3B06E005165FD /* Assets.xcassets */; };
		6CF55C891EF3B06E005165FD /* LaunchScreen.storyboard in Resources */ = {isa = PBXBuildFile; fileRef = 6CF55C871EF3B06E005165FD /* LaunchScreen.storyboard */; };
		6CF55C8C1EF3B06E005165FD /* main.m in Sources */ = {isa = PBXBuildFile; fileRef = 6CF55C8B1EF3B06E005165FD /* main.m */; };
/* End PBXBuildFile section */

/* Begin PBXFileReference section */
		6CF55C791EF3B06E005165FD /* JSInvocation-iOS.app */ = {isa = PBXFileReference; explicitFileType = wrapper.application; includeInIndex = 0; path = "JSInvocation-iOS.app"; sourceTree = BUILT_PRODUCTS_DIR; };
		6CF55C7C1EF3B06E005165FD /* AppDelegate.h */ = {isa = PBXFileReference; lastKnownFileType = sourcecode.c.h; path = AppDelegate.h; sourceTree = "<group>"; };
		6CF55C7D1EF3B06E005165FD /* AppDelegate.m */ = {isa = PBXFileReference; lastKnownFileType = sourcecode.c.objc; path = AppDelegate.m; sourceTree = "<group>"; };
		6CF55C7F1EF3B06E005165FD /* ViewController.h */ = {isa = PBXFileReference; lastKnownFileType = sourcecode.c.h; path = ViewController.h; sourceTree = "<group>"; };
		6CF55C801EF3B06E005165FD /* ViewController.m */ = {isa = PBXFileReference; lastKnownFileType = sourcecode.c.objc; path = ViewController.m; sourceTree = "<group>"; };
		6CF55C831EF3B06E005165FD /* Base */ = {isa = PBXFileReference; lastKnownFileType = file.storyboard; name = Base; path = Base.lproj/Main.storyboard; sourceTree = "<group>"; };
		6CF55C851EF3B06E005165FD /* Assets.xcassets */ = {isa = PBXFileReference; lastKnownFileType = folder.assetcatalog; path = Assets.xcassets; sourceTree = "<group>"; };
		6CF55C881EF3B06E005165FD /* Base */ = {isa = PBXFileReference; lastKnownFileType = file.storyboard; name = Base; path = Base.lproj/LaunchScreen.storyboard; sourceTree = "<group>"; };
		6CF55C8A1EF3B06E005165FD /* Info.plist */ = {isa = PBXFileReference; lastKnownFileType = text.plist.xml; path = Info.plist; sourceTree = "<group>"; };
		6CF55C8B1EF3B06E005165FD /* main.m */ = {isa = PBXFileReference; lastKnownFileType = sourcecode.c.objc; path = main.m; sourceTree = "<group>"; };
/* End PBXFileReference section */

/* Begin PBXFrameworksBuildPhase section */
		6CF55C761EF3B06E005165FD /* Frameworks */ = {
			isa = PBXFrameworksBuildPhase;
			buildActionMask = 2147483647;
			files = (
			);
			runOnlyForDeploymentPostprocessing = 0;
		};
/* End PBXFrameworksBuildPhase section */

/* Begin PBXGroup section */
		6CF55C701EF3B06E005165FD = {
			isa = PBXGroup;
			children = (
				6CF55C7B1EF3B06E005165FD /* JSInvocation-iOS */,
				6CF55C7A1EF3B06E005165FD /* Products */,
			);
			sourceTree = "<group>";
		};
		6CF55C7A1EF3B06E005165FD /* Products */ = {
			isa = PBXGroup;
			children = (
				6CF55C791EF3B06E005165FD /* JSInvocation-iOS.app */,
			);
			name = Products;
			sourceTree = "<group>";
		};
		6CF55C7B1EF3B06E005165FD /* JSInvocation-iOS */ = {
			isa = PBXGroup;
			children = (
				6CF55C7C1EF3B06E005165FD /* AppDelegate.h */,
				6CF55C7D1EF3B06E005165FD /* AppDelegate.m */,
				6CF55C7F1EF3B06E005165FD /* ViewController.h */,
				6CF55C801EF3B06E005165FD /* ViewController.m */,
				6CF55C821EF3B06E005165FD /* Main.storyboard */,
				6CF55C851EF3B06E005165FD /* Assets.xcassets */,
				6CF55C871EF3B06E005165FD /* LaunchScreen.storyboard */,
				6CF55C8A1EF3B06E005165FD /* Info.plist */,
				6CF55C8B1EF3B06E005165FD /* main.m */,
			);
			path = "JSInvocation-iOS";
			sourceTree = "<group>";
		};
/* End PBXGroup section */

/* Begin PBXNativeTarget section */
		6CF55C781EF3B06E005165FD /* JSInvocation-iOS */ = {
			isa = PBXNativeTarget;
			buildConfigurationList = 6CF55C8F1EF3B06E005165FD /* Build configuration list for PBXNativeTarget "JSInvocation-iOS" */;
			buildPhases = (
				6CF55C751EF3B06E005165FD /* Sources */,
				6CF55C761EF3B06E005165FD /* Frameworks */,
				6CF55C771EF3B06E005165FD /* Resources */,
			);
			buildRules = (
			);
			dependencies = (
			);
			name = "JSInvocation-iOS";
			productName = "JSInvocation-iOS";
			productReference = 6CF55C791EF3B06E005165FD /* JSInvocation-iOS.app */;
			productType = "com.apple.product-type.application";
		};
/* End PBXNativeTarget section */

/* Begin PBXProject section */
		6CF55C711EF3B06E005165FD /* Project object */ = {
			isa = PBXProject;
			attributes = {
				LastUpgradeCheck = 0900;
				ORGANIZATIONNAME = baidu;
				TargetAttributes = {
					6CF55C781EF3B06E005165FD = {
						CreatedOnToolsVersion = 9.0;
					};
				};
			};
			buildConfigurationList = 6CF55C741EF3B06E005165FD /* Build configuration list for PBXProject "JSInvocation-iOS" */;
			compatibilityVersion = "Xcode 8.0";
			developmentRegion = en;
			hasScannedForEncodings = 0;
			knownRegions = (
				en,
				Base,
			);
			mainGroup = 6CF55C701EF3B06E005165FD;
			productRefGroup = 6CF55C7A1EF3B06E005165FD /* Products */;
			projectDirPath = "";
			projectRoot = "";
			targets = (
				6CF55C781EF3B06E005165FD /* JSInvocation-iOS */,
			);
		};
/* End PBXProject section */

/* Begin PBXResourcesBuildPhase section */
		6CF55C771EF3B06E005165FD /* Resources */ = {
			isa = PBXResourcesBuildPhase;
			buildActionMask = 2147483647;
			files = (
				6CF55C891EF3B06E005165FD /* LaunchScreen.storyboard in Resources */,
				6CF55C861EF3B06E005165FD /* Assets.xcassets in Resources */,
				6CF55C841EF3B06E005165FD /* Main.storyboard in Resources */,
			);
			runOnlyForDeploymentPostprocessing = 0;
		};
/* End PBXResourcesBuildPhase section */

/* Begin PBXSourcesBuildPhase section */
		6CF55C751EF3B06E005165FD /* Sources */ = {
			isa = PBXSourcesBuildPhase;
			buildActionMask = 2147483647;
			files = (
				6CF55C811EF3B06E005165FD /* ViewController.m in Sources */,
				6CF55C8C1EF3B06E005165FD /* main.m in Sources */,
				6CF55C7E1EF3B06E005165FD /* AppDelegate.m in Sources */,
			);
			runOnlyForDeploymentPostprocessing = 0;
		};
/* End PBXSourcesBuildPhase section */

/* Begin PBXVariantGroup section */
		6CF55C821EF3B06E005165FD /* Main.storyboard */ = {
			isa = PBXVariantGroup;
			children = (
				6CF55C831EF3B06E005165FD /* Base */,
			);
			name = Main.storyboard;
			sourceTree = "<group>";
		};
		6CF55C871EF3B06E005165FD /* LaunchScreen.storyboard */ = {
			isa = PBXVariantGroup;
			children = (
				6CF55C881EF3B06E005165FD /* Base */,
			);
			name = LaunchScreen.storyboard;
			sourceTree = "<group>";
		};
/* End PBXVariantGroup section */

/* Begin XCBuildConfiguration section */
		6CF55C8D1EF3B06E005165FD /* Debug */ = {
			isa = XCBuildConfiguration;
			buildSettings = {
				ALWAYS_SEARCH_USER_PATHS = NO;
				CLANG_ANALYZER_NONNULL = YES;
				CLANG_ANALYZER_NUMBER_OBJECT_CONVERSION = YES_AGGRESSIVE;
				CLANG_CXX_LANGUAGE_STANDARD = "gnu++14";
				CLANG_CXX_LIBRARY = "libc++";
				CLANG_ENABLE_MODULES = YES;
				CLANG_ENABLE_OBJC_ARC = YES;
				CLANG_WARN_BLOCK_CAPTURE_AUTORELEASING = YES;
				CLANG_WARN_BOOL_CONVERSION = YES;
				CLANG_WARN_COMMA = YES;
				CLANG_WARN_CONSTANT_CONVERSION = YES;
				CLANG_WARN_DIRECT_OBJC_ISA_USAGE = YES_ERROR;
				CLANG_WARN_DOCUMENTATION_COMMENTS = YES;
				CLANG_WARN_EMPTY_BODY = YES;
				CLANG_WARN_ENUM_CONVERSION = YES;
				CLANG_WARN_INFINITE_RECURSION = YES;
				CLANG_WARN_INT_CONVERSION = YES;
				CLANG_WARN_OBJC_ROOT_CLASS = YES_ERROR;
				CLANG_WARN_RANGE_LOOP_ANALYSIS = YES;
				CLANG_WARN_STRICT_PROTOTYPES = YES;
				CLANG_WARN_SUSPICIOUS_MOVE = YES;
				CLANG_WARN_UNGUARDED_AVAILABILITY = YES_AGGRESSIVE;
				CLANG_WARN_UNREACHABLE_CODE = YES;
				CLANG_WARN__DUPLICATE_METHOD_MATCH = YES;
				CODE_SIGN_IDENTITY = "iPhone Developer";
				COPY_PHASE_STRIP = NO;
				DEBUG_INFORMATION_FORMAT = dwarf;
				ENABLE_STRICT_OBJC_MSGSEND = YES;
				ENABLE_TESTABILITY = YES;
				GCC_C_LANGUAGE_STANDARD = gnu11;
				GCC_DYNAMIC_NO_PIC = NO;
				GCC_NO_COMMON_BLOCKS = YES;
				GCC_OPTIMIZATION_LEVEL = 0;
				GCC_PREPROCESSOR_DEFINITIONS = (
					"DEBUG=1",
					"$(inherited)",
				);
				GCC_WARN_64_TO_32_BIT_CONVERSION = YES;
				GCC_WARN_ABOUT_RETURN_TYPE = YES_ERROR;
				GCC_WARN_UNDECLARED_SELECTOR = YES;
				GCC_WARN_UNINITIALIZED_AUTOS = YES_AGGRESSIVE;
				GCC_WARN_UNUSED_FUNCTION = YES;
				GCC_WARN_UNUSED_VARIABLE = YES;
				IPHONEOS_DEPLOYMENT_TARGET = 11.0;
				MTL_ENABLE_DEBUG_INFO = YES;
				ONLY_ACTIVE_ARCH = YES;
				SDKROOT = iphoneos;
			};
			name = Debug;
		};
		6CF55C8E1EF3B06E005165FD /* Release */ = {
			isa = XCBuildConfiguration;
			buildSettings = {
				ALWAYS_SEARCH_USER_PATHS = NO;
				CLANG_ANALYZER_NONNULL = YES;
				CLANG_ANALYZER_NUMBER_OBJECT_CONVERSION = YES_AGGRESSIVE;
				CLANG_CXX_LANGUAGE_STANDARD = "gnu++14";
				CLANG_CXX_LIBRARY = "libc++";
				CLANG_ENABLE_MODULES = YES;
				CLANG_ENABLE_OBJC_ARC = YES;
				CLANG_WARN_BLOCK_CAPTURE_AUTORELEASING = YES;
				CLANG_WARN_BOOL_CONVERSION = YES;
				CLANG_WARN_COMMA = YES;
				CLANG_WARN_CONSTANT_CONVERSION = YES;
				CLANG_WARN_DIRECT_OBJC_ISA_USAGE = YES_ERROR;
				CLANG_WARN_DOCUMENTATION_COMMENTS = YES;
				CLANG_WARN_EMPTY_BODY = YES;
				CLANG_WARN_ENUM_CONVERSION = YES;
				CLANG_WARN_INFINITE_RECURSION = YES;
				CLANG_WARN_INT_CONVERSION = YES;
				CLANG_WARN_OBJC_ROOT_CLASS = YES_ERROR;
				CLANG_WARN_RANGE_LOOP_ANALYSIS = YES;
				CLANG_WARN_STRICT_PROTOTYPES = YES;
				CLANG_WARN_SUSPICIOUS_MOVE = YES;
				CLANG_WARN_UNGUARDED_AVAILABILITY = YES_AGGRESSIVE;
				CLANG_WARN_UNREACHABLE_CODE = YES;
				CLANG_WARN__DUPLICATE_METHOD_MATCH = YES;
				CODE_SIGN_IDENTITY = "iPhone Developer";
				COPY_PHASE_STRIP = NO;
				DEBUG_INFORMATION_FORMAT = "dwarf-with-dsym";
				ENABLE_NS_ASSERTIONS = NO;
				ENABLE_STRICT_OBJC_MSGSEND = YES;
				GCC_C_LANGUAGE_STANDARD = gnu11;
				GCC_NO_COMMON_BLOCKS = YES;
				GCC_WARN_64_TO_32_BIT_CONVERSION = YES;
				GCC_WARN_ABOUT_RETURN_TYPE = YES_ERROR;
				GCC_WARN_UNDECLARED_SELECTOR = YES;
				GCC_WARN_UNINITIALIZED_AUTOS = YES_AGGRESSIVE;
				GCC_WARN_UNUSED_FUNCTION = YES;
				GCC_WARN_UNUSED_VARIABLE = YES;
				IPHONEOS_DEPLOYMENT_TARGET = 11.0;
				MTL_ENABLE_DEBUG_INFO = NO;
				SDKROOT = iphoneos;
				VALIDATE_PRODUCT = YES;
			};
			name = Release;
		};
		6CF55C901EF3B06E005165FD /* Debug */ = {
			isa = XCBuildConfiguration;
			buildSettings = {
				ASSETCATALOG_COMPILER_APPICON_NAME = AppIcon;
				INFOPLIST_FILE = "JSInvocation-iOS/Info.plist";
				LD_RUNPATH_SEARCH_PATHS = "$(inherited) @executable_path/Frameworks";
				PRODUCT_BUNDLE_IDENTIFIER = "com.baidu.JSInvocation-iOS";
				PRODUCT_NAME = "$(TARGET_NAME)";
				TARGETED_DEVICE_FAMILY = "1,2";
			};
			name = Debug;
		};
		6CF55C911EF3B06E005165FD /* Release */ = {
			isa = XCBuildConfiguration;
			buildSettings = {
				ASSETCATALOG_COMPILER_APPICON_NAME = AppIcon;
				INFOPLIST_FILE = "JSInvocation-iOS/Info.plist";
				LD_RUNPATH_SEARCH_PATHS = "$(inherited) @executable_path/Frameworks";
				PRODUCT_BUNDLE_IDENTIFIER = "com.baidu.JSInvocation-iOS";
				PRODUCT_NAME = "$(TARGET_NAME)";
				TARGETED_DEVICE_FAMILY = "1,2";
			};
			name = Release;
		};
/* End XCBuildConfiguration section */

/* Begin XCConfigurationList section */
		6CF55C741EF3B06E005165FD /* Build configuration list for PBXProject "JSInvocation-iOS" */ = {
			isa = XCConfigurationList;
			buildConfigurations = (
				6CF55C8D1EF3B06E005165FD /* Debug */,
				6CF55C8E1EF3B06E005165FD /* Release */,
			);
			defaultConfigurationIsVisible = 0;
			defaultConfigurationName = Release;
		};
		6CF55C8F1EF3B06E005165FD /* Build configuration list for PBXNativeTarget "JSInvocation-iOS" */ = {
			isa = XCConfigurationList;
			buildConfigurations = (
				6CF55C901EF3B06E005165FD /* Debug */,
				6CF55C911EF3B06E005165FD /* Release */,
			);
			defaultConfigurationIsVisible = 0;
		};
/* End XCConfigurationList section */
	};
	rootObject = 6CF55C711EF3B06E005165FD /* Project object */;
}
